// !$*UTF8*$!
{
	archiveVersion = 1;
	classes = {
	};
	objectVersion = 46;
	objects = {

/* Begin PBXBuildFile section */
		921539B41B81686400C14700 /* AppDelegate.swift in Sources */ = {isa = PBXBuildFile; fileRef = 921539B31B81686400C14700 /* AppDelegate.swift */; };
		921539B61B81686400C14700 /* ViewController.swift in Sources */ = {isa = PBXBuildFile; fileRef = 921539B51B81686400C14700 /* ViewController.swift */; };
		921539B91B81686400C14700 /* Main.storyboard in Resources */ = {isa = PBXBuildFile; fileRef = 921539B71B81686400C14700 /* Main.storyboard */; };
		921539BB1B81686400C14700 /* Images.xcassets in Resources */ = {isa = PBXBuildFile; fileRef = 921539BA1B81686400C14700 /* Images.xcassets */; };
		921539BE1B81686400C14700 /* LaunchScreen.xib in Resources */ = {isa = PBXBuildFile; fileRef = 921539BC1B81686400C14700 /* LaunchScreen.xib */; };
		921539CA1B81686400C14700 /* Calculator_SwiftTests.swift in Sources */ = {isa = PBXBuildFile; fileRef = 921539C91B81686400C14700 /* Calculator_SwiftTests.swift */; };
/* End PBXBuildFile section */

/* Begin PBXContainerItemProxy section */
		921539C41B81686400C14700 /* PBXContainerItemProxy */ = {
			isa = PBXContainerItemProxy;
			containerPortal = 921539A61B81686400C14700 /* Project object */;
			proxyType = 1;
			remoteGlobalIDString = 921539AD1B81686400C14700;
			remoteInfo = "Calculator-Swift";
		};
/* End PBXContainerItemProxy section */

/* Begin PBXFileReference section */
		921539AE1B81686400C14700 /* Calculator-Swift.app */ = {isa = PBXFileReference; explicitFileType = wrapper.application; includeInIndex = 0; path = "Calculator-Swift.app"; sourceTree = BUILT_PRODUCTS_DIR; };
		921539B21B81686400C14700 /* Info.plist */ = {isa = PBXFileReference; lastKnownFileType = text.plist.xml; path = Info.plist; sourceTree = "<group>"; };
		921539B31B81686400C14700 /* AppDelegate.swift */ = {isa = PBXFileReference; lastKnownFileType = sourcecode.swift; path = AppDelegate.swift; sourceTree = "<group>"; };
		921539B51B81686400C14700 /* ViewController.swift */ = {isa = PBXFileReference; lastKnownFileType = sourcecode.swift; path = ViewController.swift; sourceTree = "<group>"; };
		921539B81B81686400C14700 /* Base */ = {isa = PBXFileReference; lastKnownFileType = file.storyboard; name = Base; path = Base.lproj/Main.storyboard; sourceTree = "<group>"; };
		921539BA1B81686400C14700 /* Images.xcassets */ = {isa = PBXFileReference; lastKnownFileType = folder.assetcatalog; path = Images.xcassets; sourceTree = "<group>"; };
		921539BD1B81686400C14700 /* Base */ = {isa = PBXFileReference; lastKnownFileType = file.xib; name = Base; path = Base.lproj/LaunchScreen.xib; sourceTree = "<group>"; };
		921539C31B81686400C14700 /* Calculator-SwiftTests.xctest */ = {isa = PBXFileReference; explicitFileType = wrapper.cfbundle; includeInIndex = 0; path = "Calculator-SwiftTests.xctest"; sourceTree = BUILT_PRODUCTS_DIR; };
		921539C81B81686400C14700 /* Info.plist */ = {isa = PBXFileReference; lastKnownFileType = text.plist.xml; path = Info.plist; sourceTree = "<group>"; };
		921539C91B81686400C14700 /* Calculator_SwiftTests.swift */ = {isa = PBXFileReference; lastKnownFileType = sourcecode.swift; path = Calculator_SwiftTests.swift; sourceTree = "<group>"; };
/* End PBXFileReference section */

/* Begin PBXFrameworksBuildPhase section */
		921539AB1B81686400C14700 /* Frameworks */ = {
			isa = PBXFrameworksBuildPhase;
			buildActionMask = 2147483647;
			files = (
			);
			runOnlyForDeploymentPostprocessing = 0;
		};
		921539C01B81686400C14700 /* Frameworks */ = {
			isa = PBXFrameworksBuildPhase;
			buildActionMask = 2147483647;
			files = (
			);
			runOnlyForDeploymentPostprocessing = 0;
		};
/* End PBXFrameworksBuildPhase section */

/* Begin PBXGroup section */
		921539A51B81686400C14700 = {
			isa = PBXGroup;
			children = (
				921539B01B81686400C14700 /* Calculator-Swift */,
				921539C61B81686400C14700 /* Calculator-SwiftTests */,
				921539AF1B81686400C14700 /* Products */,
			);
			sourceTree = "<group>";
		};
		921539AF1B81686400C14700 /* Products */ = {
			isa = PBXGroup;
			children = (
				921539AE1B81686400C14700 /* Calculator-Swift.app */,
				921539C31B81686400C14700 /* Calculator-SwiftTests.xctest */,
			);
			name = Products;
			sourceTree = "<group>";
		};
		921539B01B81686400C14700 /* Calculator-Swift */ = {
			isa = PBXGroup;
			children = (
				921539B31B81686400C14700 /* AppDelegate.swift */,
				921539B51B81686400C14700 /* ViewController.swift */,
				921539B71B81686400C14700 /* Main.storyboard */,
				921539BA1B81686400C14700 /* Images.xcassets */,
				921539BC1B81686400C14700 /* LaunchScreen.xib */,
				921539B11B81686400C14700 /* Supporting Files */,
			);
			path = "Calculator-Swift";
			sourceTree = "<group>";
		};
		921539B11B81686400C14700 /* Supporting Files */ = {
			isa = PBXGroup;
			children = (
				921539B21B81686400C14700 /* Info.plist */,
			);
			name = "Supporting Files";
			sourceTree = "<group>";
		};
		921539C61B81686400C14700 /* Calculator-SwiftTests */ = {
			isa = PBXGroup;
			children = (
				921539C91B81686400C14700 /* Calculator_SwiftTests.swift */,
				921539C71B81686400C14700 /* Supporting Files */,
			);
			path = "Calculator-SwiftTests";
			sourceTree = "<group>";
		};
		921539C71B81686400C14700 /* Supporting Files */ = {
			isa = PBXGroup;
			children = (
				921539C81B81686400C14700 /* Info.plist */,
			);
			name = "Supporting Files";
			sourceTree = "<group>";
		};
/* End PBXGroup section */

/* Begin PBXNativeTarget section */
		921539AD1B81686400C14700 /* Calculator-Swift */ = {
			isa = PBXNativeTarget;
			buildConfigurationList = 921539CD1B81686400C14700 /* Build configuration list for PBXNativeTarget "Calculator-Swift" */;
			buildPhases = (
				921539AA1B81686400C14700 /* Sources */,
				921539AB1B81686400C14700 /* Frameworks */,
				921539AC1B81686400C14700 /* Resources */,
			);
			buildRules = (
			);
			dependencies = (
			);
			name = "Calculator-Swift";
			productName = "Calculator-Swift";
			productReference = 921539AE1B81686400C14700 /* Calculator-Swift.app */;
			productType = "com.apple.product-type.application";
		};
		921539C21B81686400C14700 /* Calculator-SwiftTests */ = {
			isa = PBXNativeTarget;
			buildConfigurationList = 921539D01B81686400C14700 /* Build configuration list for PBXNativeTarget "Calculator-SwiftTests" */;
			buildPhases = (
				921539BF1B81686400C14700 /* Sources */,
				921539C01B81686400C14700 /* Frameworks */,
				921539C11B81686400C14700 /* Resources */,
			);
			buildRules = (
			);
			dependencies = (
				921539C51B81686400C14700 /* PBXTargetDependency */,
			);
			name = "Calculator-SwiftTests";
			productName = "Calculator-SwiftTests";
			productReference = 921539C31B81686400C14700 /* Calculator-SwiftTests.xctest */;
			productType = "com.apple.product-type.bundle.unit-test";
		};
/* End PBXNativeTarget section */

/* Begin PBXProject section */
		921539A61B81686400C14700 /* Project object */ = {
			isa = PBXProject;
			attributes = {
				LastUpgradeCheck = 0640;
				ORGANIZATIONNAME = "Anthony Walker";
				TargetAttributes = {
					921539AD1B81686400C14700 = {
						CreatedOnToolsVersion = 6.4;
					};
					921539C21B81686400C14700 = {
						CreatedOnToolsVersion = 6.4;
						TestTargetID = 921539AD1B81686400C14700;
					};
				};
			};
			buildConfigurationList = 921539A91B81686400C14700 /* Build configuration list for PBXProject "Calculator-Swift" */;
			compatibilityVersion = "Xcode 3.2";
			developmentRegion = English;
			hasScannedForEncodings = 0;
			knownRegions = (
				en,
				Base,
			);
			mainGroup = 921539A51B81686400C14700;
			productRefGroup = 921539AF1B81686400C14700 /* Products */;
			projectDirPath = "";
			projectRoot = "";
			targets = (
				921539AD1B81686400C14700 /* Calculator-Swift */,
				921539C21B81686400C14700 /* Calculator-SwiftTests */,
			);
		};
/* End PBXProject section */

/* Begin PBXResourcesBuildPhase section */
		921539AC1B81686400C14700 /* Resources */ = {
			isa = PBXResourcesBuildPhase;
			buildActionMask = 2147483647;
			files = (
				921539B91B81686400C14700 /* Main.storyboard in Resources */,
				921539BE1B81686400C14700 /* LaunchScreen.xib in Resources */,
				921539BB1B81686400C14700 /* Images.xcassets in Resources */,
			);
			runOnlyForDeploymentPostprocessing = 0;
		};
		921539C11B81686400C14700 /* Resources */ = {
			isa = PBXResourcesBuildPhase;
			buildActionMask = 2147483647;
			files = (
			);
			runOnlyForDeploymentPostprocessing = 0;
		};
/* End PBXResourcesBuildPhase section */

/* Begin PBXSourcesBuildPhase section */
		921539AA1B81686400C14700 /* Sources */ = {
			isa = PBXSourcesBuildPhase;
			buildActionMask = 2147483647;
			files = (
				921539B61B81686400C14700 /* ViewController.swift in Sources */,
				921539B41B81686400C14700 /* AppDelegate.swift in Sources */,
			);
			runOnlyForDeploymentPostprocessing = 0;
		};
		921539BF1B81686400C14700 /* Sources */ = {
			isa = PBXSourcesBuildPhase;
			buildActionMask = 2147483647;
			files = (
				921539CA1B81686400C14700 /* Calculator_SwiftTests.swift in Sources */,
			);
			runOnlyForDeploymentPostprocessing = 0;
		};
/* End PBXSourcesBuildPhase section */

/* Begin PBXTargetDependency section */
		921539C51B81686400C14700 /* PBXTargetDependency */ = {
			isa = PBXTargetDependency;
			target = 921539AD1B81686400C14700 /* Calculator-Swift */;
			targetProxy = 921539C41B81686400C14700 /* PBXContainerItemProxy */;
		};
/* End PBXTargetDependency section */

/* Begin PBXVariantGroup section */
		921539B71B81686400C14700 /* Main.storyboard */ = {
			isa = PBXVariantGroup;
			children = (
				921539B81B81686400C14700 /* Base */,
			);
			name = Main.storyboard;
			sourceTree = "<group>";
		};
		921539BC1B81686400C14700 /* LaunchScreen.xib */ = {
			isa = PBXVariantGroup;
			children = (
				921539BD1B81686400C14700 /* Base */,
			);
			name = LaunchScreen.xib;
			sourceTree = "<group>";
		};
/* End PBXVariantGroup section */

/* Begin XCBuildConfiguration section */
		921539CB1B81686400C14700 /* Debug */ = {
			isa = XCBuildConfiguration;
			buildSettings = {
				ALWAYS_SEARCH_USER_PATHS = NO;
				CLANG_CXX_LANGUAGE_STANDARD = "gnu++0x";
				CLANG_CXX_LIBRARY = "libc++";
				CLANG_ENABLE_MODULES = YES;
				CLANG_ENABLE_OBJC_ARC = YES;
				CLANG_WARN_BOOL_CONVERSION = YES;
				CLANG_WARN_CONSTANT_CONVERSION = YES;
				CLANG_WARN_DIRECT_OBJC_ISA_USAGE = YES_ERROR;
				CLANG_WARN_EMPTY_BODY = YES;
				CLANG_WARN_ENUM_CONVERSION = YES;
				CLANG_WARN_INT_CONVERSION = YES;
				CLANG_WARN_OBJC_ROOT_CLASS = YES_ERROR;
				CLANG_WARN_UNREACHABLE_CODE = YES;
				CLANG_WARN__DUPLICATE_METHOD_MATCH = YES;
				"CODE_SIGN_IDENTITY[sdk=iphoneos*]" = "iPhone Developer";
				COPY_PHASE_STRIP = NO;
				DEBUG_INFORMATION_FORMAT = "dwarf-with-dsym";
				ENABLE_STRICT_OBJC_MSGSEND = YES;
				GCC_C_LANGUAGE_STANDARD = gnu99;
				GCC_DYNAMIC_NO_PIC = NO;
				GCC_NO_COMMON_BLOCKS = YES;
				GCC_OPTIMIZATION_LEVEL = 0;
				GCC_PREPROCESSOR_DEFINITIONS = (
					"DEBUG=1",
					"$(inherited)",
				);
				GCC_SYMBOLS_PRIVATE_EXTERN = NO;
				GCC_WARN_64_TO_32_BIT_CONVERSION = YES;
				GCC_WARN_ABOUT_RETURN_TYPE = YES_ERROR;
				GCC_WARN_UNDECLARED_SELECTOR = YES;
				GCC_WARN_UNINITIALIZED_AUTOS = YES_AGGRESSIVE;
				GCC_WARN_UNUSED_FUNCTION = YES;
				GCC_WARN_UNUSED_VARIABLE = YES;
				IPHONEOS_DEPLOYMENT_TARGET = 8.4;
				MTL_ENABLE_DEBUG_INFO = YES;
				ONLY_ACTIVE_ARCH = YES;
				SDKROOT = iphoneos;
				SWIFT_OPTIMIZATION_LEVEL = "-Onone";
			};
			name = Debug;
		};
		921539CC1B81686400C14700 /* Release */ = {
			isa = XCBuildConfiguration;
			buildSettings = {
				ALWAYS_SEARCH_USER_PATHS = NO;
				CLANG_CXX_LANGUAGE_STANDARD = "gnu++0x";
				CLANG_CXX_LIBRARY = "libc++";
				CLANG_ENABLE_MODULES = YES;
				CLANG_ENABLE_OBJC_ARC = YES;
				CLANG_WARN_BOOL_CONVERSION = YES;
				CLANG_WARN_CONSTANT_CONVERSION = YES;
				CLANG_WARN_DIRECT_OBJC_ISA_USAGE = YES_ERROR;
				CLANG_WARN_EMPTY_BODY = YES;
				CLANG_WARN_ENUM_CONVERSION = YES;
				CLANG_WARN_INT_CONVERSION = YES;
				CLANG_WARN_OBJC_ROOT_CLASS = YES_ERROR;
				CLANG_WARN_UNREACHABLE_CODE = YES;
				CLANG_WARN__DUPLICATE_METHOD_MATCH = YES;
				"CODE_SIGN_IDENTITY[sdk=iphoneos*]" = "iPhone Developer";
				COPY_PHASE_STRIP = NO;
				DEBUG_INFORMATION_FORMAT = "dwarf-with-dsym";
				ENABLE_NS_ASSERTIONS = NO;
				ENABLE_STRICT_OBJC_MSGSEND = YES;
				GCC_C_LANGUAGE_STANDARD = gnu99;
				GCC_NO_COMMON_BLOCKS = YES;
				GCC_WARN_64_TO_32_BIT_CONVERSION = YES;
				GCC_WARN_ABOUT_RETURN_TYPE = YES_ERROR;
				GCC_WARN_UNDECLARED_SELECTOR = YES;
				GCC_WARN_UNINITIALIZED_AUTOS = YES_AGGRESSIVE;
				GCC_WARN_UNUSED_FUNCTION = YES;
				GCC_WARN_UNUSED_VARIABLE = YES;
				IPHONEOS_DEPLOYMENT_TARGET = 8.4;
				MTL_ENABLE_DEBUG_INFO = NO;
				SDKROOT = iphoneos;
				VALIDATE_PRODUCT = YES;
			};
			name = Release;
		};
		921539CE1B81686400C14700 /* Debug */ = {
			isa = XCBuildConfiguration;
			buildSettings = {
				ASSETCATALOG_COMPILER_APPICON_NAME = AppIcon;
				INFOPLIST_FILE = "Calculator-Swift/Info.plist";
				LD_RUNPATH_SEARCH_PATHS = "$(inherited) @executable_path/Frameworks";
				PRODUCT_NAME = "$(TARGET_NAME)";
			};
			name = Debug;
		};
		921539CF1B81686400C14700 /* Release */ = {
			isa = XCBuildConfiguration;
			buildSettings = {
				ASSETCATALOG_COMPILER_APPICON_NAME = AppIcon;
				INFOPLIST_FILE = "Calculator-Swift/Info.plist";
				LD_RUNPATH_SEARCH_PATHS = "$(inherited) @executable_path/Frameworks";
				PRODUCT_NAME = "$(TARGET_NAME)";
			};
			name = Release;
		};
		921539D11B81686400C14700 /* Debug */ = {
			isa = XCBuildConfiguration;
			buildSettings = {
				BUNDLE_LOADER = "$(TEST_HOST)";
				FRAMEWORK_SEARCH_PATHS = (
					"$(SDKROOT)/Developer/Library/Frameworks",
					"$(inherited)",
				);
				GCC_PREPROCESSOR_DEFINITIONS = (
					"DEBUG=1",
					"$(inherited)",
				);
				INFOPLIST_FILE = "Calculator-SwiftTests/Info.plist";
				LD_RUNPATH_SEARCH_PATHS = "$(inherited) @executable_path/Frameworks @loader_path/Frameworks";
				PRODUCT_NAME = "$(TARGET_NAME)";
				TEST_HOST = "$(BUILT_PRODUCTS_DIR)/Calculator-Swift.app/Calculator-Swift";
			};
			name = Debug;
		};
		921539D21B81686400C14700 /* Release */ = {
			isa = XCBuildConfiguration;
			buildSettings = {
				BUNDLE_LOADER = "$(TEST_HOST)";
				FRAMEWORK_SEARCH_PATHS = (
					"$(SDKROOT)/Developer/Library/Frameworks",
					"$(inherited)",
				);
				INFOPLIST_FILE = "Calculator-SwiftTests/Info.plist";
				LD_RUNPATH_SEARCH_PATHS = "$(inherited) @executable_path/Frameworks @loader_path/Frameworks";
				PRODUCT_NAME = "$(TARGET_NAME)";
				TEST_HOST = "$(BUILT_PRODUCTS_DIR)/Calculator-Swift.app/Calculator-Swift";
			};
			name = Release;
		};
/* End XCBuildConfiguration section */

/* Begin XCConfigurationList section */
		921539A91B81686400C14700 /* Build configuration list for PBXProject "Calculator-Swift" */ = {
			isa = XCConfigurationList;
			buildConfigurations = (
				921539CB1B81686400C14700 /* Debug */,
				921539CC1B81686400C14700 /* Release */,
			);
			defaultConfigurationIsVisible = 0;
			defaultConfigurationName = Release;
		};
		921539CD1B81686400C14700 /* Build configuration list for PBXNativeTarget "Calculator-Swift" */ = {
			isa = XCConfigurationList;
			buildConfigurations = (
				921539CE1B81686400C14700 /* Debug */,
				921539CF1B81686400C14700 /* Release */,
			);
			defaultConfigurationIsVisible = 0;
		};
		921539D01B81686400C14700 /* Build configuration list for PBXNativeTarget "Calculator-SwiftTests" */ = {
			isa = XCConfigurationList;
			buildConfigurations = (
				921539D11B81686400C14700 /* Debug */,
				921539D21B81686400C14700 /* Release */,
			);
			defaultConfigurationIsVisible = 0;
		};
/* End XCConfigurationList section */
	};
	rootObject = 921539A61B81686400C14700 /* Project object */;
}
